
Microsoft Visual Studio Solution File, Format Version 12.00
# Visual Studio Version 16
VisualStudioVersion = 16.0.30413.136
MinimumVisualStudioVersion = 10.0.40219.1
Project("{9A19103F-16F7-4668-BE54-9A1E7A4F7556}") = "WhoIsFaster.Domain", "WhoIsFaster.Domain\WhoIsFaster.Domain.csproj", "{3A2BDACB-3EF9-4E32-AF15-B25C82C43AE6}"
EndProject
Project("{9A19103F-16F7-4668-BE54-9A1E7A4F7556}") = "WhoIsFaster.ApplicationServices", "WhoIsFaster.ApplicationServices\WhoIsFaster.ApplicationServices.csproj", "{122F1324-1BE8-498E-84D8-7BF142FC180B}"
EndProject
Project("{9A19103F-16F7-4668-BE54-9A1E7A4F7556}") = "WhoIsFaster.BlazorApp", "WhoIsFaster.BlazorApp\WhoIsFaster.BlazorApp.csproj", "{9A6D523B-BF5C-496E-86F8-077463562D96}"
EndProject
Project("{2150E333-8FDC-42A3-9474-1A3956D46DE8}") = "WhoIsFaster.Infrastructure", "WhoIsFaster.Infrastructure", "{8D7A366C-7E59-49B0-8CE9-550BD0520A5A}"
EndProject
Project("{9A19103F-16F7-4668-BE54-9A1E7A4F7556}") = "Data", "Data\Data.csproj", "{DE2B3AC3-4757-42B7-AD5D-1B1A662E1E76}"
EndProject
Project("{FAE04EC0-301F-11D3-BF4B-00C04F79EFBC}") = "SignalRNotifications", "SignalRNotifications\SignalRNotifications.csproj", "{AD0FDE02-BFFF-43F9-9C98-8305F7A55F00}"
EndProject
Global
	GlobalSection(SolutionConfigurationPlatforms) = preSolution
		Debug|Any CPU = Debug|Any CPU
		Release|Any CPU = Release|Any CPU
	EndGlobalSection
	GlobalSection(ProjectConfigurationPlatforms) = postSolution
		{3A2BDACB-3EF9-4E32-AF15-B25C82C43AE6}.Debug|Any CPU.ActiveCfg = Debug|Any CPU
		{3A2BDACB-3EF9-4E32-AF15-B25C82C43AE6}.Debug|Any CPU.Build.0 = Debug|Any CPU
		{3A2BDACB-3EF9-4E32-AF15-B25C82C43AE6}.Release|Any CPU.ActiveCfg = Release|Any CPU
		{3A2BDACB-3EF9-4E32-AF15-B25C82C43AE6}.Release|Any CPU.Build.0 = Release|Any CPU
		{122F1324-1BE8-498E-84D8-7BF142FC180B}.Debug|Any CPU.ActiveCfg = Debug|Any CPU
		{122F1324-1BE8-498E-84D8-7BF142FC180B}.Debug|Any CPU.Build.0 = Debug|Any CPU
		{122F1324-1BE8-498E-84D8-7BF142FC180B}.Release|Any CPU.ActiveCfg = Release|Any CPU
		{122F1324-1BE8-498E-84D8-7BF142FC180B}.Release|Any CPU.Build.0 = Release|Any CPU
		{9A6D523B-BF5C-496E-86F8-077463562D96}.Debug|Any CPU.ActiveCfg = Debug|Any CPU
		{9A6D523B-BF5C-496E-86F8-077463562D96}.Debug|Any CPU.Build.0 = Debug|Any CPU
		{9A6D523B-BF5C-496E-86F8-077463562D96}.Release|Any CPU.ActiveCfg = Release|Any CPU
		{9A6D523B-BF5C-496E-86F8-077463562D96}.Release|Any CPU.Build.0 = Release|Any CPU
		{DE2B3AC3-4757-42B7-AD5D-1B1A662E1E76}.Debug|Any CPU.ActiveCfg = Debug|Any CPU
		{DE2B3AC3-4757-42B7-AD5D-1B1A662E1E76}.Debug|Any CPU.Build.0 = Debug|Any CPU
		{DE2B3AC3-4757-42B7-AD5D-1B1A662E1E76}.Release|Any CPU.ActiveCfg = Release|Any CPU
		{DE2B3AC3-4757-42B7-AD5D-1B1A662E1E76}.Release|Any CPU.Build.0 = Release|Any CPU
		{AD0FDE02-BFFF-43F9-9C98-8305F7A55F00}.Debug|Any CPU.ActiveCfg = Debug|Any CPU
		{AD0FDE02-BFFF-43F9-9C98-8305F7A55F00}.Debug|Any CPU.Build.0 = Debug|Any CPU
		{AD0FDE02-BFFF-43F9-9C98-8305F7A55F00}.Release|Any CPU.ActiveCfg = Release|Any CPU
		{AD0FDE02-BFFF-43F9-9C98-8305F7A55F00}.Release|Any CPU.Build.0 = Release|Any CPU
	EndGlobalSection
	GlobalSection(SolutionProperties) = preSolution
		HideSolutionNode = FALSE
	EndGlobalSection
	GlobalSection(NestedProjects) = preSolution
		{DE2B3AC3-4757-42B7-AD5D-1B1A662E1E76} = {8D7A366C-7E59-49B0-8CE9-550BD0520A5A}
		{AD0FDE02-BFFF-43F9-9C98-8305F7A55F00} = {8D7A366C-7E59-49B0-8CE9-550BD0520A5A}
	EndGlobalSection
	GlobalSection(ExtensibilityGlobals) = postSolution
		SolutionGuid = {CCA705E9-FF00-48A5-A2FF-AFCEAE1479AF}
	EndGlobalSection
EndGlobal
